{
  "lockfileVersion": 1,
  "packages": {
    "https://github.com/brekk/dye/archive/refs/tags/v0.0.10.zip": {
      "buildHash": "fbed1ef52bafc05de424c372d4cb244a",
      "dependencies": [
        "https://github.com/brekk/study/archive/refs/tags/v0.0.1.zip"
      ],
      "name": "dye",
      "version": "0.0.10",
      "versionHash": "4d3d03bfb040ab3e2b209e3c62ed614c"
    },
    "https://github.com/brekk/freitag/archive/refs/tags/v3.0.0.zip": {
      "buildHash": "22971a48255f259498ca5785abb77cca",
      "dependencies": [
        "https://github.com/brekk/study/archive/refs/tags/v0.0.7.zip",
        "https://github.com/brekk/party-bus/archive/refs/tags/v0.0.9.zip"
      ],
      "name": "freitag",
      "version": "3.0.0",
      "versionHash": "51fcac2d9036ff81628df5d57425329b"
    },
    "https://github.com/brekk/party-bus/archive/refs/tags/v0.0.9.zip": {
      "buildHash": "19488e8e804f79e9328dc37802ce8d6a",
      "dependencies": [
        "https://github.com/brekk/dye/archive/refs/tags/v0.0.10.zip",
        "https://github.com/brekk/study/archive/refs/tags/v0.0.7.zip"
      ],
      "name": "PartyBus",
      "version": "0.0.9",
      "versionHash": "0fe62b963ce472b48dfecf0855803fec"
    },
    "https://github.com/brekk/study/archive/refs/tags/v0.0.7.zip": {
      "buildHash": "919dea83a7ccd0a2a11a03e011ecd52e",
      "dependencies": [],
      "name": "study",
      "version": "0.0.7",
      "versionHash": "18674886c733b8b107f76ff083ead6ea"
    }
  }
}
