{
  "buildHash": "79b7df140039c6d1e4e039001a97bccc",
  "jsApi": {
    "apiInstances": [
      "Json Tag"
    ],
    "apiAliases": {
      "src/SideEffect.mad#SideEffect a": "(String -> a -> a)",
      "Signal a": "(Tag -> String -> a -> a)",
      "Decorator a": "(String -> Tag -> String -> a -> String)",
      "PartyPredicate a": "(Tag -> String -> a -> Boolean)",
      "Config": "{ change :: a -> b, check :: PartyPredicate a, decorate :: Decorator a, effect :: SideEffect b, mirror :: Mirror a b, seed :: String }"
    },
    "apiInterfaces": {},
    "apiNames": {
      "decorateWithStyleAndDate": "String -> Tag -> String -> a -> String",
      "keyedEnv": "Show a => #[String, String] -> { change :: a -> String, check :: Tag -> String -> a -> Boolean, decorate :: String -> Tag -> String -> a -> String, effect :: String -> String -> String, mirror :: Maybe { decorate :: String -> Tag -> String -> a -> String, effect :: String -> String -> String }, seed :: String } -> Tag -> String -> a -> a",
      "src/Env.mad#getEnvWithKey": "String -> Dictionary String String -> List TagQuery",
      "configurate": "(String -> Tag -> String -> a -> String) -> (String -> b -> b) -> (a -> b) -> (Tag -> String -> a -> Boolean) -> Maybe { decorate :: String -> Tag -> String -> a -> String, effect :: String -> b -> b } -> { change :: a -> b, check :: Tag -> String -> a -> Boolean, decorate :: String -> Tag -> String -> a -> String, effect :: String -> b -> b, mirror :: Maybe { decorate :: String -> Tag -> String -> a -> String, effect :: String -> b -> b }, seed :: String }",
      "decorateWithDate": "String -> Tag -> String -> a -> String",
      "partyBusWithLog": "Show a => Maybe String -> List TagQuery -> { change :: a -> String, check :: Tag -> String -> a -> Boolean, decorate :: String -> Tag -> String -> a -> String, effect :: String -> String -> String, mirror :: Maybe { decorate :: String -> Tag -> String -> a -> String, effect :: String -> String -> String }, seed :: String } -> Tag -> String -> a -> a",
      "src/File.mad#barrage": "String -> List String -> List String",
      "confMirror": "a -> { ...base, mirror :: a } -> { ...base, mirror :: a }",
      "colorizeTag": "String -> Tag -> String",
      "DEFAULT_CONFIG": "Show a => { change :: a -> a, check :: Tag -> String -> a -> Boolean, decorate :: String -> Tag -> String -> a -> String, effect :: String -> a -> a, mirror :: Maybe { decorate :: String -> Tag -> String -> a -> String, effect :: String -> a -> a }, seed :: String }",
      "bus": "Show a => { change :: a -> String, check :: Tag -> String -> a -> Boolean, decorate :: String -> Tag -> String -> a -> String, effect :: String -> String -> String, mirror :: Maybe { decorate :: String -> Tag -> String -> a -> String, effect :: String -> String -> String }, seed :: String } -> Tag -> String -> a -> a",
      "signalWithConfig": "Show a => { change :: a -> b, check :: Tag -> String -> a -> Boolean, decorate :: String -> Tag -> String -> a -> String, effect :: String -> b -> b, mirror :: Maybe { decorate :: String -> Tag -> String -> a -> String, effect :: String -> b -> b }, seed :: String } -> Tag -> String -> a -> a",
      "taggedSignal": "Show a => Tag -> String -> a -> a",
      "tag": "String -> Tag",
      "DATED_CONFIG": "Show a => { change :: a -> a, check :: Tag -> String -> a -> Boolean, decorate :: String -> Tag -> String -> a -> String, effect :: String -> a -> a, mirror :: Maybe { decorate :: String -> Tag -> String -> a -> String, effect :: String -> a -> a }, seed :: String }",
      "configurateWithSeed": "String -> (String -> Tag -> String -> a -> String) -> (String -> b -> b) -> (a -> b) -> (Tag -> String -> a -> Boolean) -> Maybe { decorate :: String -> Tag -> String -> a -> String, effect :: String -> b -> b } -> { change :: a -> b, check :: Tag -> String -> a -> Boolean, decorate :: String -> Tag -> String -> a -> String, effect :: String -> b -> b, mirror :: Maybe { decorate :: String -> Tag -> String -> a -> String, effect :: String -> b -> b }, seed :: String }",
      "pushTag": "String -> Tag -> Tag",
      "decorateRaw": "String -> Tag -> String -> a -> String",
      "createTags": "Functor m => String -> m (List String) -> m Tag",
      "signal": "Show a => Tag -> String -> a -> a",
      "STYLED_CONFIG": "Show a => { change :: a -> a, check :: Tag -> String -> a -> Boolean, decorate :: String -> Tag -> String -> a -> String, effect :: String -> a -> a, mirror :: Maybe { decorate :: String -> Tag -> String -> a -> String, effect :: String -> a -> a }, seed :: String }",
      "confCheck": "a -> { ...base, check :: a } -> { ...base, check :: a }",
      "envFrom": "Show a => Dictionary String String -> #[String, String] -> { change :: a -> String, check :: Tag -> String -> a -> Boolean, decorate :: String -> Tag -> String -> a -> String, effect :: String -> String -> String, mirror :: Maybe { decorate :: String -> Tag -> String -> a -> String, effect :: String -> String -> String }, seed :: String } -> Tag -> String -> a -> a",
      "confSeed": "a -> { ...base, seed :: a } -> { ...base, seed :: a }",
      "checkEnvironment": "List TagQuery -> Tag -> Boolean",
      "src/File.mad#shout": "String -> String -> String",
      "confEffect": "a -> { ...base, effect :: a } -> { ...base, effect :: a }",
      "jsonL": "Show a => b -> Tag -> String -> a -> String",
      "confDecorator": "a -> { ...base, decorate :: a } -> { ...base, decorate :: a }",
      "decorateWithStyle": "String -> Tag -> String -> a -> String",
      "tagWithScope": "String -> List String -> Tag",
      "dateTaggedSignal": "Show a => Tag -> String -> a -> a",
      "env": "Show String => Tag -> String -> String -> String",
      "tap": "(String -> a -> a) -> String -> (b -> a) -> b -> b",
      "always": "Tag -> String -> a -> Boolean",
      "src/File.mad#createSink": "String -> { end :: {} -> {}, write :: String -> {} }",
      "confChange": "a -> { ...base, change :: a } -> { ...base, change :: a }"
    },
    "apiTypes": {
      "StreamMode": [
        "EagerStream",
        "LazyStream"
      ],
      "src/Error.mad#PartyFoul": [
        "ExecutableNotFound",
        "UnableToCreatePath",
        "UnableToWriteFile",
        "PathDoesNotExist"
      ],
      "PartyEvent a": [
        "PartyEvent DateTime Tag a"
      ],
      "FlushMode": [
        "EagerFlush",
        "LazyFlush"
      ]
    }
  },
  "llvmApi": {
    "apiInstances": [
      "Json Tag"
    ],
    "apiAliases": {
      "src/SideEffect.mad#SideEffect a": "(String -> a -> a)",
      "Signal a": "(Tag -> String -> a -> a)",
      "Decorator a": "(String -> Tag -> String -> a -> String)",
      "PartyPredicate a": "(Tag -> String -> a -> Boolean)",
      "Config": "{ change :: a -> b, check :: PartyPredicate a, decorate :: Decorator a, effect :: SideEffect b, mirror :: Mirror a b, seed :: String }"
    },
    "apiInterfaces": {},
    "apiNames": {
      "decorateWithStyleAndDate": "String -> Tag -> String -> a -> String",
      "keyedEnv": "Show a => #[String, String] -> { change :: a -> String, check :: Tag -> String -> a -> Boolean, decorate :: String -> Tag -> String -> a -> String, effect :: String -> String -> String, mirror :: Maybe { decorate :: String -> Tag -> String -> a -> String, effect :: String -> String -> String }, seed :: String } -> Tag -> String -> a -> a",
      "src/Env.mad#getEnvWithKey": "String -> Dictionary String String -> List TagQuery",
      "configurate": "(String -> Tag -> String -> a -> String) -> (String -> b -> b) -> (a -> b) -> (Tag -> String -> a -> Boolean) -> Maybe { decorate :: String -> Tag -> String -> a -> String, effect :: String -> b -> b } -> { change :: a -> b, check :: Tag -> String -> a -> Boolean, decorate :: String -> Tag -> String -> a -> String, effect :: String -> b -> b, mirror :: Maybe { decorate :: String -> Tag -> String -> a -> String, effect :: String -> b -> b }, seed :: String }",
      "decorateWithDate": "String -> Tag -> String -> a -> String",
      "partyBusWithLog": "Show a => Maybe String -> List TagQuery -> { change :: a -> String, check :: Tag -> String -> a -> Boolean, decorate :: String -> Tag -> String -> a -> String, effect :: String -> String -> String, mirror :: Maybe { decorate :: String -> Tag -> String -> a -> String, effect :: String -> String -> String }, seed :: String } -> Tag -> String -> a -> a",
      "src/File.mad#barrage": "String -> List String -> List String",
      "confMirror": "a -> { ...base, mirror :: a } -> { ...base, mirror :: a }",
      "colorizeTag": "String -> Tag -> String",
      "DEFAULT_CONFIG": "Show a => { change :: a -> a, check :: Tag -> String -> a -> Boolean, decorate :: String -> Tag -> String -> a -> String, effect :: String -> a -> a, mirror :: Maybe { decorate :: String -> Tag -> String -> a -> String, effect :: String -> a -> a }, seed :: String }",
      "bus": "Show a => { change :: a -> String, check :: Tag -> String -> a -> Boolean, decorate :: String -> Tag -> String -> a -> String, effect :: String -> String -> String, mirror :: Maybe { decorate :: String -> Tag -> String -> a -> String, effect :: String -> String -> String }, seed :: String } -> Tag -> String -> a -> a",
      "signalWithConfig": "Show a => { change :: a -> b, check :: Tag -> String -> a -> Boolean, decorate :: String -> Tag -> String -> a -> String, effect :: String -> b -> b, mirror :: Maybe { decorate :: String -> Tag -> String -> a -> String, effect :: String -> b -> b }, seed :: String } -> Tag -> String -> a -> a",
      "taggedSignal": "Show a => Tag -> String -> a -> a",
      "tag": "String -> Tag",
      "DATED_CONFIG": "Show a => { change :: a -> a, check :: Tag -> String -> a -> Boolean, decorate :: String -> Tag -> String -> a -> String, effect :: String -> a -> a, mirror :: Maybe { decorate :: String -> Tag -> String -> a -> String, effect :: String -> a -> a }, seed :: String }",
      "configurateWithSeed": "String -> (String -> Tag -> String -> a -> String) -> (String -> b -> b) -> (a -> b) -> (Tag -> String -> a -> Boolean) -> Maybe { decorate :: String -> Tag -> String -> a -> String, effect :: String -> b -> b } -> { change :: a -> b, check :: Tag -> String -> a -> Boolean, decorate :: String -> Tag -> String -> a -> String, effect :: String -> b -> b, mirror :: Maybe { decorate :: String -> Tag -> String -> a -> String, effect :: String -> b -> b }, seed :: String }",
      "pushTag": "String -> Tag -> Tag",
      "decorateRaw": "String -> Tag -> String -> a -> String",
      "createTags": "Functor m => String -> m (List String) -> m Tag",
      "signal": "Show a => Tag -> String -> a -> a",
      "STYLED_CONFIG": "Show a => { change :: a -> a, check :: Tag -> String -> a -> Boolean, decorate :: String -> Tag -> String -> a -> String, effect :: String -> a -> a, mirror :: Maybe { decorate :: String -> Tag -> String -> a -> String, effect :: String -> a -> a }, seed :: String }",
      "confCheck": "a -> { ...base, check :: a } -> { ...base, check :: a }",
      "envFrom": "Show a => Dictionary String String -> #[String, String] -> { change :: a -> String, check :: Tag -> String -> a -> Boolean, decorate :: String -> Tag -> String -> a -> String, effect :: String -> String -> String, mirror :: Maybe { decorate :: String -> Tag -> String -> a -> String, effect :: String -> String -> String }, seed :: String } -> Tag -> String -> a -> a",
      "confSeed": "a -> { ...base, seed :: a } -> { ...base, seed :: a }",
      "checkEnvironment": "List TagQuery -> Tag -> Boolean",
      "src/File.mad#shout": "String -> String -> String",
      "confEffect": "a -> { ...base, effect :: a } -> { ...base, effect :: a }",
      "jsonL": "Show a => b -> Tag -> String -> a -> String",
      "confDecorator": "a -> { ...base, decorate :: a } -> { ...base, decorate :: a }",
      "decorateWithStyle": "String -> Tag -> String -> a -> String",
      "tagWithScope": "String -> List String -> Tag",
      "dateTaggedSignal": "Show a => Tag -> String -> a -> a",
      "env": "Show String => Tag -> String -> String -> String",
      "tap": "(String -> a -> a) -> String -> (b -> a) -> b -> b",
      "always": "Tag -> String -> a -> Boolean",
      "src/File.mad#createSink": "String -> { end :: {} -> {}, write :: String -> {} }",
      "confChange": "a -> { ...base, change :: a } -> { ...base, change :: a }"
    },
    "apiTypes": {
      "StreamMode": [
        "EagerStream",
        "LazyStream"
      ],
      "src/Error.mad#PartyFoul": [
        "ExecutableNotFound",
        "UnableToCreatePath",
        "UnableToWriteFile",
        "PathDoesNotExist"
      ],
      "PartyEvent a": [
        "PartyEvent DateTime Tag a"
      ],
      "FlushMode": [
        "EagerFlush",
        "LazyFlush"
      ]
    }
  },
  "versionHash": "25e64aa754c310d45c1e084d574c1bb0"
}
