{
  "buildHash": "7b485ef6eacb57c9093428c76c64a42a",
  "jsApi": {
    "apiInstances": [
      "Comparable Scope",
      "Comparable Tag",
      "Comparable Query"
    ],
    "apiAliases": {
      "src/Core.mad#Decorator a": "(String -> Tag -> String -> a -> String)",
      "src/Core.mad#SideEffect b": "(String -> b -> b)",
      "src/Core.mad#Config": "{ change :: a -> b, check :: PartyPredicate a, decorate :: Decorator a, effect :: SideEffect b, seed :: String }",
      "src/Core.mad#PartyPredicate a": "(Tag -> String -> a -> Boolean)",
      "src/Core.mad#Signal a": "(Tag -> String -> a -> a)"
    },
    "apiInterfaces": {},
    "apiNames": {
      "decorateWithStyleAndDate": "String -> Tag -> String -> a -> String",
      "src/Query.mad#exactWithScope": "String -> List String -> Query",
      "src/Query.mad#compareQuery": "Query -> Query -> Comparison",
      "src/Tag.mad#getConcreteScope": "Tag -> List String",
      "src/Core.mad#confEffect": "a -> { ...base, change :: b, check :: c, decorate :: d, seed :: e } -> { change :: b, check :: c, decorate :: d, effect :: a, seed :: e }",
      "keyedEnv": "String -> { change :: a -> b, check :: Tag -> String -> a -> Boolean, decorate :: String -> Tag -> String -> a -> String, effect :: String -> b -> b, seed :: String } -> Tag -> String -> a -> a",
      "src/Core.mad#confSeed": "a -> { ...base, change :: b, check :: c, decorate :: d, effect :: e } -> { change :: b, check :: c, decorate :: d, effect :: e, seed :: a }",
      "src/Env.mad#getEnvWithKey": "String -> Dictionary String String -> List Query",
      "configurate": "(String -> Tag -> String -> a -> String) -> (String -> b -> b) -> (a -> b) -> (Tag -> String -> a -> Boolean) -> { change :: a -> b, check :: Tag -> String -> a -> Boolean, decorate :: String -> Tag -> String -> a -> String, effect :: String -> b -> b, seed :: String }",
      "src/Query.mad#fromString": "String -> Query",
      "src/Tag/Scope.mad#scopeLength": "Scope -> Integer",
      "src/Core.mad#confDecorator": "a -> { ...base, change :: b, check :: c, effect :: d, seed :: e } -> { change :: b, check :: c, decorate :: a, effect :: d, seed :: e }",
      "src/Query.mad#isConcrete": "Query -> Boolean",
      "colorizeTag": "String -> Tag -> String",
      "DEFAULT_CONFIG": "Show a => { change :: b -> b, check :: Tag -> String -> c -> Boolean, decorate :: String -> Tag -> String -> d -> String, effect :: String -> a -> a, seed :: String }",
      "bus": "{ change :: a -> b, check :: Tag -> String -> a -> Boolean, decorate :: String -> Tag -> String -> a -> String, effect :: String -> b -> b, seed :: String } -> Tag -> String -> a -> a",
      "src/Query.mad#isNegated": "Query -> Boolean",
      "src/Query.mad#notWithScope": "String -> List String -> Query",
      "signalWithConfig": "{ change :: a -> b, check :: Tag -> String -> a -> Boolean, decorate :: String -> Tag -> String -> a -> String, effect :: String -> b -> b, seed :: String } -> Tag -> String -> a -> a",
      "src/Query.mad#manyFromString": "String -> List Query",
      "taggedSignal": "Show a => Tag -> String -> a -> a",
      "tag": "String -> Tag",
      "src/Core.mad#always": "Tag -> String -> a -> Boolean",
      "src/Core.mad#confChange": "a -> { ...base, check :: b, decorate :: c, effect :: d, seed :: e } -> { change :: a, check :: b, decorate :: c, effect :: d, seed :: e }",
      "DATED_CONFIG": "Show a => { change :: b -> b, check :: Tag -> String -> c -> Boolean, decorate :: String -> Tag -> String -> d -> String, effect :: String -> a -> a, seed :: String }",
      "src/Tag/Scope.mad#checkScopeList": "List String -> Boolean",
      "pushTag": "String -> Tag -> Tag",
      "src/Tag.mad#id": "Tag -> String",
      "src/Tag.mad#getScope": "Tag -> Scope",
      "decorateRaw": "String -> Tag -> String -> a -> String",
      "src/Query.mad#anyTagMatches": "List Query -> Query -> Boolean",
      "src/Tag/Scope.mad#isNoScope": "Scope -> Boolean",
      "createTags": "Functor m => String -> m (List String) -> m Tag",
      "src/Core.mad#decorateRaw": "String -> Tag -> String -> a -> String",
      "signal": "Show a => Tag -> String -> a -> a",
      "src/Tag.mad#tagWithScope": "String -> List String -> Tag",
      "src/Query.mad#not": "String -> Query",
      "src/Core.mad#decorateWithStyleAndDate": "String -> Tag -> String -> a -> String",
      "STYLED_CONFIG": "Show a => { change :: b -> b, check :: Tag -> String -> c -> Boolean, decorate :: String -> Tag -> String -> d -> String, effect :: String -> a -> a, seed :: String }",
      "src/Tag.mad#tag": "String -> Tag",
      "confCheck": "a -> { ...base, change :: b, decorate :: c, effect :: d, seed :: e } -> { change :: b, check :: a, decorate :: c, effect :: d, seed :: e }",
      "src/Core.mad#configurate": "(String -> Tag -> String -> a -> String) -> (String -> b -> b) -> (a -> b) -> (Tag -> String -> a -> Boolean) -> { change :: a -> b, check :: Tag -> String -> a -> Boolean, decorate :: String -> Tag -> String -> a -> String, effect :: String -> b -> b, seed :: String }",
      "envFrom": "Dictionary String String -> String -> { change :: a -> b, check :: Tag -> String -> a -> Boolean, decorate :: String -> Tag -> String -> a -> String, effect :: String -> b -> b, seed :: String } -> Tag -> String -> a -> a",
      "confSeed": "a -> { ...base, change :: b, check :: c, decorate :: d, effect :: e } -> { change :: b, check :: c, decorate :: d, effect :: e, seed :: a }",
      "src/Query.mad#ref": "Query -> String",
      "src/Tag/Scope.mad#compareScopes": "Scope -> Scope -> Comparison",
      "confEffect": "a -> { ...base, change :: b, check :: c, decorate :: d, seed :: e } -> { change :: b, check :: c, decorate :: d, effect :: a, seed :: e }",
      "src/Query.mad#isWild": "Query -> Boolean",
      "src/Core.mad#colorizeTag": "String -> Tag -> String",
      "partyBus": "List Query -> { change :: a -> b, check :: Tag -> String -> a -> Boolean, decorate :: String -> Tag -> String -> a -> String, effect :: String -> b -> b, seed :: String } -> Tag -> String -> a -> a",
      "src/Core.mad#decorateWithStyle": "String -> Tag -> String -> a -> String",
      "src/Tag.mad#serialize": "Tag -> String",
      "confDecorator": "a -> { ...base, change :: b, check :: c, effect :: d, seed :: e } -> { change :: b, check :: c, decorate :: a, effect :: d, seed :: e }",
      "decorateWithStyle": "String -> Tag -> String -> a -> String",
      "src/Core.mad#signalWithConfig": "{ change :: a -> b, check :: Tag -> String -> a -> Boolean, decorate :: String -> Tag -> String -> a -> String, effect :: String -> b -> b, seed :: String } -> Tag -> String -> a -> a",
      "tagWithScope": "String -> List String -> Tag",
      "dateTaggedSignal": "Show a => Tag -> String -> a -> a",
      "src/Tag.mad#hasScope": "Tag -> Boolean",
      "src/Core.mad#configurateWithSeed": "String -> (String -> Tag -> String -> a -> String) -> (String -> b -> b) -> (a -> b) -> (Tag -> String -> a -> Boolean) -> { change :: a -> b, check :: Tag -> String -> a -> Boolean, decorate :: String -> Tag -> String -> a -> String, effect :: String -> b -> b, seed :: String }",
      "env": "Show a => Tag -> String -> a -> a",
      "src/Tag/Scope.mad#scopeFromList": "List String -> Scope",
      "tap": "(String -> a -> a) -> String -> (b -> a) -> b -> b",
      "src/Tag.mad#compareTag": "Tag -> Tag -> Comparison",
      "src/Query.mad#isMagic": "Query -> Boolean",
      "src/Query.mad#checkEnvironment": "List Query -> Tag -> Boolean",
      "src/Core.mad#confCheck": "a -> { ...base, change :: b, decorate :: c, effect :: d, seed :: e } -> { change :: b, check :: a, decorate :: c, effect :: d, seed :: e }",
      "always": "Tag -> String -> a -> Boolean",
      "src/Tag/Scope.mad#scopeToList": "Scope -> List String",
      "src/Tag/Scope.mad#scopeWithinScope": "Scope -> Scope -> Boolean",
      "confChange": "a -> { ...base, check :: b, decorate :: c, effect :: d, seed :: e } -> { change :: a, check :: b, decorate :: c, effect :: d, seed :: e }",
      "src/Query.mad#exact": "String -> Query"
    },
    "apiTypes": {
      "src/Query.mad#Query": [
        "AnyTag",
        "NoTag",
        "Not Tag",
        "Exact Tag"
      ],
      "src/Tag/Scope.mad#Scope": [
        "Scope (List String)",
        "NoScope"
      ],
      "src/Tag.mad#Tag": [
        "Tag String Scope"
      ]
    }
  },
  "llvmApi": {
    "apiInstances": [
      "Comparable Scope",
      "Comparable Tag",
      "Comparable Query"
    ],
    "apiAliases": {
      "src/Core.mad#Decorator a": "(String -> Tag -> String -> a -> String)",
      "src/Core.mad#SideEffect b": "(String -> b -> b)",
      "src/Core.mad#Config": "{ change :: a -> b, check :: PartyPredicate a, decorate :: Decorator a, effect :: SideEffect b, seed :: String }",
      "src/Core.mad#PartyPredicate a": "(Tag -> String -> a -> Boolean)",
      "src/Core.mad#Signal a": "(Tag -> String -> a -> a)"
    },
    "apiInterfaces": {},
    "apiNames": {
      "decorateWithStyleAndDate": "String -> Tag -> String -> a -> String",
      "src/Query.mad#exactWithScope": "String -> List String -> Query",
      "src/Query.mad#compareQuery": "Query -> Query -> Comparison",
      "src/Tag.mad#getConcreteScope": "Tag -> List String",
      "src/Core.mad#confEffect": "a -> { ...base, change :: b, check :: c, decorate :: d, seed :: e } -> { change :: b, check :: c, decorate :: d, effect :: a, seed :: e }",
      "keyedEnv": "String -> { change :: a -> b, check :: Tag -> String -> a -> Boolean, decorate :: String -> Tag -> String -> a -> String, effect :: String -> b -> b, seed :: String } -> Tag -> String -> a -> a",
      "src/Core.mad#confSeed": "a -> { ...base, change :: b, check :: c, decorate :: d, effect :: e } -> { change :: b, check :: c, decorate :: d, effect :: e, seed :: a }",
      "src/Env.mad#getEnvWithKey": "String -> Dictionary String String -> List Query",
      "configurate": "(String -> Tag -> String -> a -> String) -> (String -> b -> b) -> (a -> b) -> (Tag -> String -> a -> Boolean) -> { change :: a -> b, check :: Tag -> String -> a -> Boolean, decorate :: String -> Tag -> String -> a -> String, effect :: String -> b -> b, seed :: String }",
      "src/Query.mad#fromString": "String -> Query",
      "src/Tag/Scope.mad#scopeLength": "Scope -> Integer",
      "src/Core.mad#confDecorator": "a -> { ...base, change :: b, check :: c, effect :: d, seed :: e } -> { change :: b, check :: c, decorate :: a, effect :: d, seed :: e }",
      "src/Query.mad#isConcrete": "Query -> Boolean",
      "colorizeTag": "String -> Tag -> String",
      "DEFAULT_CONFIG": "Show a => { change :: b -> b, check :: Tag -> String -> c -> Boolean, decorate :: String -> Tag -> String -> d -> String, effect :: String -> a -> a, seed :: String }",
      "bus": "{ change :: a -> b, check :: Tag -> String -> a -> Boolean, decorate :: String -> Tag -> String -> a -> String, effect :: String -> b -> b, seed :: String } -> Tag -> String -> a -> a",
      "src/Query.mad#isNegated": "Query -> Boolean",
      "src/Query.mad#notWithScope": "String -> List String -> Query",
      "signalWithConfig": "{ change :: a -> b, check :: Tag -> String -> a -> Boolean, decorate :: String -> Tag -> String -> a -> String, effect :: String -> b -> b, seed :: String } -> Tag -> String -> a -> a",
      "src/Query.mad#manyFromString": "String -> List Query",
      "taggedSignal": "Show a => Tag -> String -> a -> a",
      "tag": "String -> Tag",
      "src/Core.mad#always": "Tag -> String -> a -> Boolean",
      "src/Core.mad#confChange": "a -> { ...base, check :: b, decorate :: c, effect :: d, seed :: e } -> { change :: a, check :: b, decorate :: c, effect :: d, seed :: e }",
      "DATED_CONFIG": "Show a => { change :: b -> b, check :: Tag -> String -> c -> Boolean, decorate :: String -> Tag -> String -> d -> String, effect :: String -> a -> a, seed :: String }",
      "src/Tag/Scope.mad#checkScopeList": "List String -> Boolean",
      "pushTag": "String -> Tag -> Tag",
      "src/Tag.mad#id": "Tag -> String",
      "src/Tag.mad#getScope": "Tag -> Scope",
      "decorateRaw": "String -> Tag -> String -> a -> String",
      "src/Query.mad#anyTagMatches": "List Query -> Query -> Boolean",
      "src/Tag/Scope.mad#isNoScope": "Scope -> Boolean",
      "createTags": "Functor m => String -> m (List String) -> m Tag",
      "src/Core.mad#decorateRaw": "String -> Tag -> String -> a -> String",
      "signal": "Show a => Tag -> String -> a -> a",
      "src/Tag.mad#tagWithScope": "String -> List String -> Tag",
      "src/Query.mad#not": "String -> Query",
      "src/Core.mad#decorateWithStyleAndDate": "String -> Tag -> String -> a -> String",
      "STYLED_CONFIG": "Show a => { change :: b -> b, check :: Tag -> String -> c -> Boolean, decorate :: String -> Tag -> String -> d -> String, effect :: String -> a -> a, seed :: String }",
      "src/Tag.mad#tag": "String -> Tag",
      "confCheck": "a -> { ...base, change :: b, decorate :: c, effect :: d, seed :: e } -> { change :: b, check :: a, decorate :: c, effect :: d, seed :: e }",
      "src/Core.mad#configurate": "(String -> Tag -> String -> a -> String) -> (String -> b -> b) -> (a -> b) -> (Tag -> String -> a -> Boolean) -> { change :: a -> b, check :: Tag -> String -> a -> Boolean, decorate :: String -> Tag -> String -> a -> String, effect :: String -> b -> b, seed :: String }",
      "envFrom": "Dictionary String String -> String -> { change :: a -> b, check :: Tag -> String -> a -> Boolean, decorate :: String -> Tag -> String -> a -> String, effect :: String -> b -> b, seed :: String } -> Tag -> String -> a -> a",
      "confSeed": "a -> { ...base, change :: b, check :: c, decorate :: d, effect :: e } -> { change :: b, check :: c, decorate :: d, effect :: e, seed :: a }",
      "src/Query.mad#ref": "Query -> String",
      "src/Tag/Scope.mad#compareScopes": "Scope -> Scope -> Comparison",
      "confEffect": "a -> { ...base, change :: b, check :: c, decorate :: d, seed :: e } -> { change :: b, check :: c, decorate :: d, effect :: a, seed :: e }",
      "src/Query.mad#isWild": "Query -> Boolean",
      "src/Core.mad#colorizeTag": "String -> Tag -> String",
      "partyBus": "List Query -> { change :: a -> b, check :: Tag -> String -> a -> Boolean, decorate :: String -> Tag -> String -> a -> String, effect :: String -> b -> b, seed :: String } -> Tag -> String -> a -> a",
      "src/Core.mad#decorateWithStyle": "String -> Tag -> String -> a -> String",
      "src/Tag.mad#serialize": "Tag -> String",
      "confDecorator": "a -> { ...base, change :: b, check :: c, effect :: d, seed :: e } -> { change :: b, check :: c, decorate :: a, effect :: d, seed :: e }",
      "decorateWithStyle": "String -> Tag -> String -> a -> String",
      "src/Core.mad#signalWithConfig": "{ change :: a -> b, check :: Tag -> String -> a -> Boolean, decorate :: String -> Tag -> String -> a -> String, effect :: String -> b -> b, seed :: String } -> Tag -> String -> a -> a",
      "tagWithScope": "String -> List String -> Tag",
      "dateTaggedSignal": "Show a => Tag -> String -> a -> a",
      "src/Tag.mad#hasScope": "Tag -> Boolean",
      "src/Core.mad#configurateWithSeed": "String -> (String -> Tag -> String -> a -> String) -> (String -> b -> b) -> (a -> b) -> (Tag -> String -> a -> Boolean) -> { change :: a -> b, check :: Tag -> String -> a -> Boolean, decorate :: String -> Tag -> String -> a -> String, effect :: String -> b -> b, seed :: String }",
      "env": "Show a => Tag -> String -> a -> a",
      "src/Tag/Scope.mad#scopeFromList": "List String -> Scope",
      "tap": "(String -> a -> a) -> String -> (b -> a) -> b -> b",
      "src/Tag.mad#compareTag": "Tag -> Tag -> Comparison",
      "src/Query.mad#isMagic": "Query -> Boolean",
      "src/Query.mad#checkEnvironment": "List Query -> Tag -> Boolean",
      "src/Core.mad#confCheck": "a -> { ...base, change :: b, decorate :: c, effect :: d, seed :: e } -> { change :: b, check :: a, decorate :: c, effect :: d, seed :: e }",
      "always": "Tag -> String -> a -> Boolean",
      "src/Tag/Scope.mad#scopeToList": "Scope -> List String",
      "src/Tag/Scope.mad#scopeWithinScope": "Scope -> Scope -> Boolean",
      "confChange": "a -> { ...base, check :: b, decorate :: c, effect :: d, seed :: e } -> { change :: a, check :: b, decorate :: c, effect :: d, seed :: e }",
      "src/Query.mad#exact": "String -> Query"
    },
    "apiTypes": {
      "src/Query.mad#Query": [
        "AnyTag",
        "NoTag",
        "Not Tag",
        "Exact Tag"
      ],
      "src/Tag/Scope.mad#Scope": [
        "Scope (List String)",
        "NoScope"
      ],
      "src/Tag.mad#Tag": [
        "Tag String Scope"
      ]
    }
  },
  "versionHash": "25e64aa754c310d45c1e084d574c1bb0"
}
